Microsoft Visual Studio Solution File, Format Version 12.00
# Visual Studio Version 17
VisualStudioVersion = 17.0.31903.59
MinimumVisualStudioVersion = 10.0.40219.1
Project("{2150E333-8FDC-42A3-9474-1A3956D46DE8}") = "src", "src", "{827E0CD3-B72D-47B6-A68D-7590B98EB39B}"
EndProject
Project("{2150E333-8FDC-42A3-9474-1A3956D46DE8}") = "tests", "tests", "{B2F1E5C6-9A3D-4E7B-8F2C-1D4A6B8E9F3C}"
EndProject
Project("{FAE04EC0-301F-11D3-BF4B-00C04F79EFBC}") = "inventory.api", "src\inventory.api\inventory.api.csproj", "{56DD0838-C22E-428D-8C5E-AD8516950572}"
EndProject
Project("{FAE04EC0-301F-11D3-BF4B-00C04F79EFBC}") = "sales.api", "src\sales.api\sales.api.csproj", "{218C16DC-7132-49F4-B82A-07DA48E8EF05}"
EndProject
Project("{FAE04EC0-301F-11D3-BF4B-00C04F79EFBC}") = "buildingblocks.contracts", "src\buildingblocks.contracts\buildingblocks.contracts.csproj", "{8E7CD0CA-8077-4F4E-B70F-9ADEE97CE9D8}"
EndProject
Project("{FAE04EC0-301F-11D3-BF4B-00C04F79EFBC}") = "gateway", "src\gateway\gateway.csproj", "{F712EA91-67A6-4B0B-8053-FC44D6F666A1}"
EndProject
Project("{FAE04EC0-301F-11D3-BF4B-00C04F79EFBC}") = "buildingblocks.events", "src\buildingblocks.events\buildingblocks.events.csproj", "{6FC62230-5BA0-44E2-BC80-C2EF9F730CD5}"
EndProject
Project("{FAE04EC0-301F-11D3-BF4B-00C04F79EFBC}") = "inventory.api.tests", "tests\inventory.api.tests\inventory.api.tests.csproj", "{A1B2C3D4-E5F6-7890-ABCD-EF1234567890}"
EndProject
Project("{FAE04EC0-301F-11D3-BF4B-00C04F79EFBC}") = "sales.api.tests", "tests\sales.api.tests\sales.api.tests.csproj", "{B2C3D4E5-F6A7-8901-BCDE-F23456789012}"
EndProject
Project("{FAE04EC0-301F-11D3-BF4B-00C04F79EFBC}") = "contracts.tests", "tests\contracts.tests\contracts.tests.csproj", "{C3D4E5F6-A7B8-9012-CDEF-345678901234}"
EndProject
Project("{FAE04EC0-301F-11D3-BF4B-00C04F79EFBC}") = "endpoint.tests", "tests\endpoint.tests\endpoint.tests.csproj", "{D4E5F6A7-B8C9-0123-DEF4-56789012345A}"
EndProject
Global
	GlobalSection(SolutionConfigurationPlatforms) = preSolution
		Debug|Any CPU = Debug|Any CPU
		Debug|x64 = Debug|x64
		Debug|x86 = Debug|x86
		Release|Any CPU = Release|Any CPU
		Release|x64 = Release|x64
		Release|x86 = Release|x86
	EndGlobalSection
	GlobalSection(ProjectConfigurationPlatforms) = postSolution
		{56DD0838-C22E-428D-8C5E-AD8516950572}.Debug|Any CPU.ActiveCfg = Debug|Any CPU
		{56DD0838-C22E-428D-8C5E-AD8516950572}.Debug|Any CPU.Build.0 = Debug|Any CPU
		{56DD0838-C22E-428D-8C5E-AD8516950572}.Debug|x64.ActiveCfg = Debug|Any CPU
		{56DD0838-C22E-428D-8C5E-AD8516950572}.Debug|x64.Build.0 = Debug|Any CPU
		{56DD0838-C22E-428D-8C5E-AD8516950572}.Debug|x86.ActiveCfg = Debug|Any CPU
		{56DD0838-C22E-428D-8C5E-AD8516950572}.Debug|x86.Build.0 = Debug|Any CPU
		{56DD0838-C22E-428D-8C5E-AD8516950572}.Release|Any CPU.ActiveCfg = Release|Any CPU
		{56DD0838-C22E-428D-8C5E-AD8516950572}.Release|Any CPU.Build.0 = Release|Any CPU
		{56DD0838-C22E-428D-8C5E-AD8516950572}.Release|x64.ActiveCfg = Release|Any CPU
		{56DD0838-C22E-428D-8C5E-AD8516950572}.Release|x64.Build.0 = Release|Any CPU
		{56DD0838-C22E-428D-8C5E-AD8516950572}.Release|x86.ActiveCfg = Release|Any CPU
		{56DD0838-C22E-428D-8C5E-AD8516950572}.Release|x86.Build.0 = Release|Any CPU
		{218C16DC-7132-49F4-B82A-07DA48E8EF05}.Debug|Any CPU.ActiveCfg = Debug|Any CPU
		{218C16DC-7132-49F4-B82A-07DA48E8EF05}.Debug|Any CPU.Build.0 = Debug|Any CPU
		{218C16DC-7132-49F4-B82A-07DA48E8EF05}.Debug|x64.ActiveCfg = Debug|Any CPU
		{218C16DC-7132-49F4-B82A-07DA48E8EF05}.Debug|x64.Build.0 = Debug|Any CPU
		{218C16DC-7132-49F4-B82A-07DA48E8EF05}.Debug|x86.ActiveCfg = Debug|Any CPU
		{218C16DC-7132-49F4-B82A-07DA48E8EF05}.Debug|x86.Build.0 = Debug|Any CPU
		{218C16DC-7132-49F4-B82A-07DA48E8EF05}.Release|Any CPU.ActiveCfg = Release|Any CPU
		{218C16DC-7132-49F4-B82A-07DA48E8EF05}.Release|Any CPU.Build.0 = Release|Any CPU
		{218C16DC-7132-49F4-B82A-07DA48E8EF05}.Release|x64.ActiveCfg = Release|Any CPU
		{218C16DC-7132-49F4-B82A-07DA48E8EF05}.Release|x64.Build.0 = Release|Any CPU
		{218C16DC-7132-49F4-B82A-07DA48E8EF05}.Release|x86.ActiveCfg = Release|Any CPU
		{218C16DC-7132-49F4-B82A-07DA48E8EF05}.Release|x86.Build.0 = Release|Any CPU
		{8E7CD0CA-8077-4F4E-B70F-9ADEE97CE9D8}.Debug|Any CPU.ActiveCfg = Debug|Any CPU
		{8E7CD0CA-8077-4F4E-B70F-9ADEE97CE9D8}.Debug|Any CPU.Build.0 = Debug|Any CPU
		{8E7CD0CA-8077-4F4E-B70F-9ADEE97CE9D8}.Debug|x64.ActiveCfg = Debug|Any CPU
		{8E7CD0CA-8077-4F4E-B70F-9ADEE97CE9D8}.Debug|x64.Build.0 = Debug|Any CPU
		{8E7CD0CA-8077-4F4E-B70F-9ADEE97CE9D8}.Debug|x86.ActiveCfg = Debug|Any CPU
		{8E7CD0CA-8077-4F4E-B70F-9ADEE97CE9D8}.Debug|x86.Build.0 = Debug|Any CPU
		{8E7CD0CA-8077-4F4E-B70F-9ADEE97CE9D8}.Release|Any CPU.ActiveCfg = Release|Any CPU
		{8E7CD0CA-8077-4F4E-B70F-9ADEE97CE9D8}.Release|Any CPU.Build.0 = Release|Any CPU
		{8E7CD0CA-8077-4F4E-B70F-9ADEE97CE9D8}.Release|x64.ActiveCfg = Release|Any CPU
		{8E7CD0CA-8077-4F4E-B70F-9ADEE97CE9D8}.Release|x64.Build.0 = Release|Any CPU
		{8E7CD0CA-8077-4F4E-B70F-9ADEE97CE9D8}.Release|x86.ActiveCfg = Release|Any CPU
		{8E7CD0CA-8077-4F4E-B70F-9ADEE97CE9D8}.Release|x86.Build.0 = Release|Any CPU
		{F712EA91-67A6-4B0B-8053-FC44D6F666A1}.Debug|Any CPU.ActiveCfg = Debug|Any CPU
		{F712EA91-67A6-4B0B-8053-FC44D6F666A1}.Debug|Any CPU.Build.0 = Debug|Any CPU
		{F712EA91-67A6-4B0B-8053-FC44D6F666A1}.Debug|x64.ActiveCfg = Debug|Any CPU
		{F712EA91-67A6-4B0B-8053-FC44D6F666A1}.Debug|x64.Build.0 = Debug|Any CPU
		{F712EA91-67A6-4B0B-8053-FC44D6F666A1}.Debug|x86.ActiveCfg = Debug|Any CPU
		{F712EA91-67A6-4B0B-8053-FC44D6F666A1}.Debug|x86.Build.0 = Debug|Any CPU
		{F712EA91-67A6-4B0B-8053-FC44D6F666A1}.Release|Any CPU.ActiveCfg = Release|Any CPU
		{F712EA91-67A6-4B0B-8053-FC44D6F666A1}.Release|Any CPU.Build.0 = Release|Any CPU
		{F712EA91-67A6-4B0B-8053-FC44D6F666A1}.Release|x64.ActiveCfg = Release|Any CPU
		{F712EA91-67A6-4B0B-8053-FC44D6F666A1}.Release|x64.Build.0 = Release|Any CPU
		{F712EA91-67A6-4B0B-8053-FC44D6F666A1}.Release|x86.ActiveCfg = Release|Any CPU
		{F712EA91-67A6-4B0B-8053-FC44D6F666A1}.Release|x86.Build.0 = Release|Any CPU
		{6FC62230-5BA0-44E2-BC80-C2EF9F730CD5}.Debug|Any CPU.ActiveCfg = Debug|Any CPU
		{6FC62230-5BA0-44E2-BC80-C2EF9F730CD5}.Debug|Any CPU.Build.0 = Debug|Any CPU
		{6FC62230-5BA0-44E2-BC80-C2EF9F730CD5}.Debug|x64.ActiveCfg = Debug|Any CPU
		{6FC62230-5BA0-44E2-BC80-C2EF9F730CD5}.Debug|x64.Build.0 = Debug|Any CPU
		{6FC62230-5BA0-44E2-BC80-C2EF9F730CD5}.Debug|x86.ActiveCfg = Debug|Any CPU
		{6FC62230-5BA0-44E2-BC80-C2EF9F730CD5}.Debug|x86.Build.0 = Debug|Any CPU
		{6FC62230-5BA0-44E2-BC80-C2EF9F730CD5}.Release|Any CPU.ActiveCfg = Release|Any CPU
		{6FC62230-5BA0-44E2-BC80-C2EF9F730CD5}.Release|Any CPU.Build.0 = Release|Any CPU
		{6FC62230-5BA0-44E2-BC80-C2EF9F730CD5}.Release|x64.ActiveCfg = Release|Any CPU
		{6FC62230-5BA0-44E2-BC80-C2EF9F730CD5}.Release|x64.Build.0 = Release|Any CPU
		{6FC62230-5BA0-44E2-BC80-C2EF9F730CD5}.Release|x86.ActiveCfg = Release|Any CPU
		{6FC62230-5BA0-44E2-BC80-C2EF9F730CD5}.Release|x86.Build.0 = Release|Any CPU
		{A1B2C3D4-E5F6-7890-ABCD-EF1234567890}.Debug|Any CPU.ActiveCfg = Debug|Any CPU
		{A1B2C3D4-E5F6-7890-ABCD-EF1234567890}.Debug|Any CPU.Build.0 = Debug|Any CPU
		{A1B2C3D4-E5F6-7890-ABCD-EF1234567890}.Debug|x64.ActiveCfg = Debug|Any CPU
		{A1B2C3D4-E5F6-7890-ABCD-EF1234567890}.Debug|x64.Build.0 = Debug|Any CPU
		{A1B2C3D4-E5F6-7890-ABCD-EF1234567890}.Debug|x86.ActiveCfg = Debug|Any CPU
		{A1B2C3D4-E5F6-7890-ABCD-EF1234567890}.Debug|x86.Build.0 = Debug|Any CPU
		{A1B2C3D4-E5F6-7890-ABCD-EF1234567890}.Release|Any CPU.ActiveCfg = Release|Any CPU
		{A1B2C3D4-E5F6-7890-ABCD-EF1234567890}.Release|Any CPU.Build.0 = Release|Any CPU
		{A1B2C3D4-E5F6-7890-ABCD-EF1234567890}.Release|x64.ActiveCfg = Release|Any CPU
		{A1B2C3D4-E5F6-7890-ABCD-EF1234567890}.Release|x64.Build.0 = Release|Any CPU
		{A1B2C3D4-E5F6-7890-ABCD-EF1234567890}.Release|x86.ActiveCfg = Release|Any CPU
		{A1B2C3D4-E5F6-7890-ABCD-EF1234567890}.Release|x86.Build.0 = Release|Any CPU
		{B2C3D4E5-F6A7-8901-BCDE-F23456789012}.Debug|Any CPU.ActiveCfg = Debug|Any CPU
		{B2C3D4E5-F6A7-8901-BCDE-F23456789012}.Debug|Any CPU.Build.0 = Debug|Any CPU
		{B2C3D4E5-F6A7-8901-BCDE-F23456789012}.Debug|x64.ActiveCfg = Debug|Any CPU
		{B2C3D4E5-F6A7-8901-BCDE-F23456789012}.Debug|x64.Build.0 = Debug|Any CPU
		{B2C3D4E5-F6A7-8901-BCDE-F23456789012}.Debug|x86.ActiveCfg = Debug|Any CPU
		{B2C3D4E5-F6A7-8901-BCDE-F23456789012}.Debug|x86.Build.0 = Debug|Any CPU
		{B2C3D4E5-F6A7-8901-BCDE-F23456789012}.Release|Any CPU.ActiveCfg = Release|Any CPU
		{B2C3D4E5-F6A7-8901-BCDE-F23456789012}.Release|Any CPU.Build.0 = Release|Any CPU
		{B2C3D4E5-F6A7-8901-BCDE-F23456789012}.Release|x64.ActiveCfg = Release|Any CPU
		{B2C3D4E5-F6A7-8901-BCDE-F23456789012}.Release|x64.Build.0 = Release|Any CPU
		{B2C3D4E5-F6A7-8901-BCDE-F23456789012}.Release|x86.ActiveCfg = Release|Any CPU
		{B2C3D4E5-F6A7-8901-BCDE-F23456789012}.Release|x86.Build.0 = Release|Any CPU
		{C3D4E5F6-A7B8-9012-CDEF-345678901234}.Debug|Any CPU.ActiveCfg = Debug|Any CPU
		{C3D4E5F6-A7B8-9012-CDEF-345678901234}.Debug|Any CPU.Build.0 = Debug|Any CPU
		{C3D4E5F6-A7B8-9012-CDEF-345678901234}.Debug|x64.ActiveCfg = Debug|Any CPU
		{C3D4E5F6-A7B8-9012-CDEF-345678901234}.Debug|x64.Build.0 = Debug|Any CPU
		{C3D4E5F6-A7B8-9012-CDEF-345678901234}.Debug|x86.ActiveCfg = Debug|Any CPU
		{C3D4E5F6-A7B8-9012-CDEF-345678901234}.Debug|x86.Build.0 = Debug|Any CPU
		{C3D4E5F6-A7B8-9012-CDEF-345678901234}.Release|Any CPU.ActiveCfg = Release|Any CPU
		{C3D4E5F6-A7B8-9012-CDEF-345678901234}.Release|Any CPU.Build.0 = Release|Any CPU
		{C3D4E5F6-A7B8-9012-CDEF-345678901234}.Release|x64.ActiveCfg = Release|Any CPU
		{C3D4E5F6-A7B8-9012-CDEF-345678901234}.Release|x64.Build.0 = Release|Any CPU
		{C3D4E5F6-A7B8-9012-CDEF-345678901234}.Release|x86.ActiveCfg = Release|Any CPU
		{C3D4E5F6-A7B8-9012-CDEF-345678901234}.Release|x86.Build.0 = Release|Any CPU
		{D4E5F6A7-B8C9-0123-DEF4-56789012345A}.Debug|Any CPU.ActiveCfg = Debug|Any CPU
		{D4E5F6A7-B8C9-0123-DEF4-56789012345A}.Debug|Any CPU.Build.0 = Debug|Any CPU
		{D4E5F6A7-B8C9-0123-DEF4-56789012345A}.Debug|x64.ActiveCfg = Debug|Any CPU
		{D4E5F6A7-B8C9-0123-DEF4-56789012345A}.Debug|x64.Build.0 = Debug|Any CPU
		{D4E5F6A7-B8C9-0123-DEF4-56789012345A}.Debug|x86.ActiveCfg = Debug|Any CPU
		{D4E5F6A7-B8C9-0123-DEF4-56789012345A}.Debug|x86.Build.0 = Debug|Any CPU
		{D4E5F6A7-B8C9-0123-DEF4-56789012345A}.Release|Any CPU.ActiveCfg = Release|Any CPU
		{D4E5F6A7-B8C9-0123-DEF4-56789012345A}.Release|Any CPU.Build.0 = Release|Any CPU
		{D4E5F6A7-B8C9-0123-DEF4-56789012345A}.Release|x64.ActiveCfg = Release|Any CPU
		{D4E5F6A7-B8C9-0123-DEF4-56789012345A}.Release|x64.Build.0 = Release|Any CPU
		{D4E5F6A7-B8C9-0123-DEF4-56789012345A}.Release|x86.ActiveCfg = Release|Any CPU
		{D4E5F6A7-B8C9-0123-DEF4-56789012345A}.Release|x86.Build.0 = Release|Any CPU
	EndGlobalSection
	GlobalSection(SolutionProperties) = preSolution
		HideSolutionNode = FALSE
	EndGlobalSection
	GlobalSection(NestedProjects) = preSolution
		{56DD0838-C22E-428D-8C5E-AD8516950572} = {827E0CD3-B72D-47B6-A68D-7590B98EB39B}
		{218C16DC-7132-49F4-B82A-07DA48E8EF05} = {827E0CD3-B72D-47B6-A68D-7590B98EB39B}
		{8E7CD0CA-8077-4F4E-B70F-9ADEE97CE9D8} = {827E0CD3-B72D-47B6-A68D-7590B98EB39B}
		{F712EA91-67A6-4B0B-8053-FC44D6F666A1} = {827E0CD3-B72D-47B6-A68D-7590B98EB39B}
		{6FC62230-5BA0-44E2-BC80-C2EF9F730CD5} = {827E0CD3-B72D-47B6-A68D-7590B98EB39B}
		{A1B2C3D4-E5F6-7890-ABCD-EF1234567890} = {B2F1E5C6-9A3D-4E7B-8F2C-1D4A6B8E9F3C}
		{B2C3D4E5-F6A7-8901-BCDE-F23456789012} = {B2F1E5C6-9A3D-4E7B-8F2C-1D4A6B8E9F3C}
		{C3D4E5F6-A7B8-9012-CDEF-345678901234} = {B2F1E5C6-9A3D-4E7B-8F2C-1D4A6B8E9F3C}
		{D4E5F6A7-B8C9-0123-DEF4-56789012345A} = {B2F1E5C6-9A3D-4E7B-8F2C-1D4A6B8E9F3C}
	EndGlobalSection
EndGlobal
