Microsoft Visual Studio Solution File, Format Version 12.00
# Visual Studio Version 17
VisualStudioVersion = 17.0.31903.59
MinimumVisualStudioVersion = 10.0.40219.1
Project("{2150E333-8FDC-42A3-9474-1A3956D46DE8}") = "src", "src", "{827E0CD3-B72D-47B6-A68D-7590B98EB39B}"
EndProject
Project("{2150E333-8FDC-42A3-9474-1A3956D46DE8}") = "tests", "tests", "{B2F1E5C6-9A3D-4E7B-8F2C-1D4A6B8E9F3C}"
EndProject
Project("{FAE04EC0-301F-11D3-BF4B-00C04F79EFBC}") = "inventory.api", "src\inventory.api\inventory.api.csproj", "{56DD0838-C22E-428D-8C5E-AD8516950572}"
EndProject
Project("{FAE04EC0-301F-11D3-BF4B-00C04F79EFBC}") = "sales.api", "src\sales.api\sales.api.csproj", "{218C16DC-7132-49F4-B82A-07DA48E8EF05}"
EndProject
Project("{FAE04EC0-301F-11D3-BF4B-00C04F79EFBC}") = "buildingblocks.contracts", "src\buildingblocks.contracts\buildingblocks.contracts.csproj", "{8E7CD0CA-8077-4F4E-B70F-9ADEE97CE9D8}"
EndProject
Project("{FAE04EC0-301F-11D3-BF4B-00C04F79EFBC}") = "gateway", "src\gateway\gateway.csproj", "{F712EA91-67A6-4B0B-8053-FC44D6F666A1}"
EndProject
Project("{FAE04EC0-301F-11D3-BF4B-00C04F79EFBC}") = "buildingblocks.events", "src\buildingblocks.events\buildingblocks.events.csproj", "{6FC62230-5BA0-44E2-BC80-C2EF9F730CD5}"
EndProject
Project("{FAE04EC0-301F-11D3-BF4B-00C04F79EFBC}") = "contracts.tests", "tests\contracts.tests\contracts.tests.csproj", "{C3D4E5F6-A7B8-9012-CDEF-345678901234}"
EndProject
Project("{FAE04EC0-301F-11D3-BF4B-00C04F79EFBC}") = "endpoint.tests", "tests\endpoint.tests\endpoint.tests.csproj", "{D4E5F6A7-B8C9-0123-DEF4-56789012345A}"
EndProject
Project("{2150E333-8FDC-42A3-9474-1A3956D46DE8}") = "SalesAPI.Tests.Professional", "SalesAPI.Tests.Professional", "{FE8DA4D1-72A0-C7FE-C39C-4612EBF07D18}"
EndProject
Project("{FAE04EC0-301F-11D3-BF4B-00C04F79EFBC}") = "Domain.Tests", "tests\SalesAPI.Tests.Professional\Domain.Tests\Domain.Tests.csproj", "{A0F8E121-1E01-4DE9-B54A-BB1F257DDEBA}"
EndProject
Project("{FAE04EC0-301F-11D3-BF4B-00C04F79EFBC}") = "Infrastructure.Tests", "tests\SalesAPI.Tests.Professional\Infrastructure.Tests\Infrastructure.Tests.csproj", "{B03E3A72-D702-4FFF-BE69-166FAFA4478E}"
EndProject
Project("{FAE04EC0-301F-11D3-BF4B-00C04F79EFBC}") = "Integration.Tests", "tests\SalesAPI.Tests.Professional\Integration.Tests\Integration.Tests.csproj", "{F28D07B7-B1C9-4774-B38B-B6767D0A897F}"
EndProject
Project("{FAE04EC0-301F-11D3-BF4B-00C04F79EFBC}") = "TestInfrastructure", "tests\SalesAPI.Tests.Professional\TestInfrastructure\TestInfrastructure.csproj", "{91E24B5C-AE04-49B3-9A1D-C8BBEE788817}"
EndProject
Global
	GlobalSection(SolutionConfigurationPlatforms) = preSolution
		Debug|Any CPU = Debug|Any CPU
		Debug|x64 = Debug|x64
		Debug|x86 = Debug|x86
		Release|Any CPU = Release|Any CPU
		Release|x64 = Release|x64
		Release|x86 = Release|x86
	EndGlobalSection
	GlobalSection(ProjectConfigurationPlatforms) = postSolution
		{56DD0838-C22E-428D-8C5E-AD8516950572}.Debug|Any CPU.ActiveCfg = Debug|Any CPU
		{56DD0838-C22E-428D-8C5E-AD8516950572}.Debug|Any CPU.Build.0 = Debug|Any CPU
		{56DD0838-C22E-428D-8C5E-AD8516950572}.Debug|x64.ActiveCfg = Debug|Any CPU
		{56DD0838-C22E-428D-8C5E-AD8516950572}.Debug|x64.Build.0 = Debug|Any CPU
		{56DD0838-C22E-428D-8C5E-AD8516950572}.Debug|x86.ActiveCfg = Debug|Any CPU
		{56DD0838-C22E-428D-8C5E-AD8516950572}.Debug|x86.Build.0 = Debug|Any CPU
		{56DD0838-C22E-428D-8C5E-AD8516950572}.Release|Any CPU.ActiveCfg = Release|Any CPU
		{56DD0838-C22E-428D-8C5E-AD8516950572}.Release|Any CPU.Build.0 = Release|Any CPU
		{56DD0838-C22E-428D-8C5E-AD8516950572}.Release|x64.ActiveCfg = Release|Any CPU
		{56DD0838-C22E-428D-8C5E-AD8516950572}.Release|x64.Build.0 = Release|Any CPU
		{56DD0838-C22E-428D-8C5E-AD8516950572}.Release|x86.ActiveCfg = Release|Any CPU
		{56DD0838-C22E-428D-8C5E-AD8516950572}.Release|x86.Build.0 = Release|Any CPU
		{218C16DC-7132-49F4-B82A-07DA48E8EF05}.Debug|Any CPU.ActiveCfg = Debug|Any CPU
		{218C16DC-7132-49F4-B82A-07DA48E8EF05}.Debug|Any CPU.Build.0 = Debug|Any CPU
		{218C16DC-7132-49F4-B82A-07DA48E8EF05}.Debug|x64.ActiveCfg = Debug|Any CPU
		{218C16DC-7132-49F4-B82A-07DA48E8EF05}.Debug|x64.Build.0 = Debug|Any CPU
		{218C16DC-7132-49F4-B82A-07DA48E8EF05}.Debug|x86.ActiveCfg = Debug|Any CPU
		{218C16DC-7132-49F4-B82A-07DA48E8EF05}.Debug|x86.Build.0 = Debug|Any CPU
		{218C16DC-7132-49F4-B82A-07DA48E8EF05}.Release|Any CPU.ActiveCfg = Release|Any CPU
		{218C16DC-7132-49F4-B82A-07DA48E8EF05}.Release|Any CPU.Build.0 = Release|Any CPU
		{218C16DC-7132-49F4-B82A-07DA48E8EF05}.Release|x64.ActiveCfg = Release|Any CPU
		{218C16DC-7132-49F4-B82A-07DA48E8EF05}.Release|x64.Build.0 = Release|Any CPU
		{218C16DC-7132-49F4-B82A-07DA48E8EF05}.Release|x86.ActiveCfg = Release|Any CPU
		{218C16DC-7132-49F4-B82A-07DA48E8EF05}.Release|x86.Build.0 = Release|Any CPU
		{8E7CD0CA-8077-4F4E-B70F-9ADEE97CE9D8}.Debug|Any CPU.ActiveCfg = Debug|Any CPU
		{8E7CD0CA-8077-4F4E-B70F-9ADEE97CE9D8}.Debug|Any CPU.Build.0 = Debug|Any CPU
		{8E7CD0CA-8077-4F4E-B70F-9ADEE97CE9D8}.Debug|x64.ActiveCfg = Debug|Any CPU
		{8E7CD0CA-8077-4F4E-B70F-9ADEE97CE9D8}.Debug|x64.Build.0 = Debug|Any CPU
		{8E7CD0CA-8077-4F4E-B70F-9ADEE97CE9D8}.Debug|x86.ActiveCfg = Debug|Any CPU
		{8E7CD0CA-8077-4F4E-B70F-9ADEE97CE9D8}.Debug|x86.Build.0 = Debug|Any CPU
		{8E7CD0CA-8077-4F4E-B70F-9ADEE97CE9D8}.Release|Any CPU.ActiveCfg = Release|Any CPU
		{8E7CD0CA-8077-4F4E-B70F-9ADEE97CE9D8}.Release|Any CPU.Build.0 = Release|Any CPU
		{8E7CD0CA-8077-4F4E-B70F-9ADEE97CE9D8}.Release|x64.ActiveCfg = Release|Any CPU
		{8E7CD0CA-8077-4F4E-B70F-9ADEE97CE9D8}.Release|x64.Build.0 = Release|Any CPU
		{8E7CD0CA-8077-4F4E-B70F-9ADEE97CE9D8}.Release|x86.ActiveCfg = Release|Any CPU
		{8E7CD0CA-8077-4F4E-B70F-9ADEE97CE9D8}.Release|x86.Build.0 = Release|Any CPU
		{F712EA91-67A6-4B0B-8053-FC44D6F666A1}.Debug|Any CPU.ActiveCfg = Debug|Any CPU
		{F712EA91-67A6-4B0B-8053-FC44D6F666A1}.Debug|Any CPU.Build.0 = Debug|Any CPU
		{F712EA91-67A6-4B0B-8053-FC44D6F666A1}.Debug|x64.ActiveCfg = Debug|Any CPU
		{F712EA91-67A6-4B0B-8053-FC44D6F666A1}.Debug|x64.Build.0 = Debug|Any CPU
		{F712EA91-67A6-4B0B-8053-FC44D6F666A1}.Debug|x86.ActiveCfg = Debug|Any CPU
		{F712EA91-67A6-4B0B-8053-FC44D6F666A1}.Debug|x86.Build.0 = Debug|Any CPU
		{F712EA91-67A6-4B0B-8053-FC44D6F666A1}.Release|Any CPU.ActiveCfg = Release|Any CPU
		{F712EA91-67A6-4B0B-8053-FC44D6F666A1}.Release|Any CPU.Build.0 = Release|Any CPU
		{F712EA91-67A6-4B0B-8053-FC44D6F666A1}.Release|x64.ActiveCfg = Release|Any CPU
		{F712EA91-67A6-4B0B-8053-FC44D6F666A1}.Release|x64.Build.0 = Release|Any CPU
		{F712EA91-67A6-4B0B-8053-FC44D6F666A1}.Release|x86.ActiveCfg = Release|Any CPU
		{F712EA91-67A6-4B0B-8053-FC44D6F666A1}.Release|x86.Build.0 = Release|Any CPU
		{6FC62230-5BA0-44E2-BC80-C2EF9F730CD5}.Debug|Any CPU.ActiveCfg = Debug|Any CPU
		{6FC62230-5BA0-44E2-BC80-C2EF9F730CD5}.Debug|Any CPU.Build.0 = Debug|Any CPU
		{6FC62230-5BA0-44E2-BC80-C2EF9F730CD5}.Debug|x64.ActiveCfg = Debug|Any CPU
		{6FC62230-5BA0-44E2-BC80-C2EF9F730CD5}.Debug|x64.Build.0 = Debug|Any CPU
		{6FC62230-5BA0-44E2-BC80-C2EF9F730CD5}.Debug|x86.ActiveCfg = Debug|Any CPU
		{6FC62230-5BA0-44E2-BC80-C2EF9F730CD5}.Debug|x86.Build.0 = Debug|Any CPU
		{6FC62230-5BA0-44E2-BC80-C2EF9F730CD5}.Release|Any CPU.ActiveCfg = Release|Any CPU
		{6FC62230-5BA0-44E2-BC80-C2EF9F730CD5}.Release|Any CPU.Build.0 = Release|Any CPU
		{6FC62230-5BA0-44E2-BC80-C2EF9F730CD5}.Release|x64.ActiveCfg = Release|Any CPU
		{6FC62230-5BA0-44E2-BC80-C2EF9F730CD5}.Release|x64.Build.0 = Release|Any CPU
		{6FC62230-5BA0-44E2-BC80-C2EF9F730CD5}.Release|x86.ActiveCfg = Release|Any CPU
		{6FC62230-5BA0-44E2-BC80-C2EF9F730CD5}.Release|x86.Build.0 = Release|Any CPU
		{C3D4E5F6-A7B8-9012-CDEF-345678901234}.Debug|Any CPU.ActiveCfg = Debug|Any CPU
		{C3D4E5F6-A7B8-9012-CDEF-345678901234}.Debug|Any CPU.Build.0 = Debug|Any CPU
		{C3D4E5F6-A7B8-9012-CDEF-345678901234}.Debug|x64.ActiveCfg = Debug|Any CPU
		{C3D4E5F6-A7B8-9012-CDEF-345678901234}.Debug|x64.Build.0 = Debug|Any CPU
		{C3D4E5F6-A7B8-9012-CDEF-345678901234}.Debug|x86.ActiveCfg = Debug|Any CPU
		{C3D4E5F6-A7B8-9012-CDEF-345678901234}.Debug|x86.Build.0 = Debug|Any CPU
		{C3D4E5F6-A7B8-9012-CDEF-345678901234}.Release|Any CPU.ActiveCfg = Release|Any CPU
		{C3D4E5F6-A7B8-9012-CDEF-345678901234}.Release|Any CPU.Build.0 = Release|Any CPU
		{C3D4E5F6-A7B8-9012-CDEF-345678901234}.Release|x64.ActiveCfg = Release|Any CPU
		{C3D4E5F6-A7B8-9012-CDEF-345678901234}.Release|x64.Build.0 = Release|Any CPU
		{C3D4E5F6-A7B8-9012-CDEF-345678901234}.Release|x86.ActiveCfg = Release|Any CPU
		{C3D4E5F6-A7B8-9012-CDEF-345678901234}.Release|x86.Build.0 = Release|Any CPU
		{D4E5F6A7-B8C9-0123-DEF4-56789012345A}.Debug|Any CPU.ActiveCfg = Debug|Any CPU
		{D4E5F6A7-B8C9-0123-DEF4-56789012345A}.Debug|Any CPU.Build.0 = Debug|Any CPU
		{D4E5F6A7-B8C9-0123-DEF4-56789012345A}.Debug|x64.ActiveCfg = Debug|Any CPU
		{D4E5F6A7-B8C9-0123-DEF4-56789012345A}.Debug|x64.Build.0 = Debug|Any CPU
		{D4E5F6A7-B8C9-0123-DEF4-56789012345A}.Debug|x86.ActiveCfg = Debug|Any CPU
		{D4E5F6A7-B8C9-0123-DEF4-56789012345A}.Debug|x86.Build.0 = Debug|Any CPU
		{D4E5F6A7-B8C9-0123-DEF4-56789012345A}.Release|Any CPU.ActiveCfg = Release|Any CPU
		{D4E5F6A7-B8C9-0123-DEF4-56789012345A}.Release|Any CPU.Build.0 = Release|Any CPU
		{D4E5F6A7-B8C9-0123-DEF4-56789012345A}.Release|x64.ActiveCfg = Debug|Any CPU
		{D4E5F6A7-B8C9-0123-DEF4-56789012345A}.Release|x64.Build.0 = Debug|Any CPU
		{D4E5F6A7-B8C9-0123-DEF4-56789012345A}.Release|x86.ActiveCfg = Release|Any CPU
		{D4E5F6A7-B8C9-0123-DEF4-56789012345A}.Release|x86.Build.0 = Release|Any CPU
		{A0F8E121-1E01-4DE9-B54A-BB1F257DDEBA}.Debug|Any CPU.ActiveCfg = Debug|Any CPU
		{A0F8E121-1E01-4DE9-B54A-BB1F257DDEBA}.Debug|Any CPU.Build.0 = Debug|Any CPU
		{A0F8E121-1E01-4DE9-B54A-BB1F257DDEBA}.Debug|x64.ActiveCfg = Debug|Any CPU
		{A0F8E121-1E01-4DE9-B54A-BB1F257DDEBA}.Debug|x64.Build.0 = Debug|Any CPU
		{A0F8E121-1E01-4DE9-B54A-BB1F257DDEBA}.Debug|x86.ActiveCfg = Debug|Any CPU
		{A0F8E121-1E01-4DE9-B54A-BB1F257DDEBA}.Debug|x86.Build.0 = Debug|Any CPU
		{A0F8E121-1E01-4DE9-B54A-BB1F257DDEBA}.Release|Any CPU.ActiveCfg = Release|Any CPU
		{A0F8E121-1E01-4DE9-B54A-BB1F257DDEBA}.Release|Any CPU.Build.0 = Release|Any CPU
		{A0F8E121-1E01-4DE9-B54A-BB1F257DDEBA}.Release|x64.ActiveCfg = Debug|Any CPU
		{A0F8E121-1E01-4DE9-B54A-BB1F257DDEBA}.Release|x64.Build.0 = Debug|Any CPU
		{A0F8E121-1E01-4DE9-B54A-BB1F257DDEBA}.Release|x86.ActiveCfg = Release|Any CPU
		{A0F8E121-1E01-4DE9-B54A-BB1F257DDEBA}.Release|x86.Build.0 = Release|Any CPU
		{B03E3A72-D702-4FFF-BE69-166FAFA4478E}.Debug|Any CPU.ActiveCfg = Debug|Any CPU
		{B03E3A72-D702-4FFF-BE69-166FAFA4478E}.Debug|Any CPU.Build.0 = Debug|Any CPU
		{B03E3A72-D702-4FFF-BE69-166FAFA4478E}.Debug|x64.ActiveCfg = Debug|Any CPU
		{B03E3A72-D702-4FFF-BE69-166FAFA4478E}.Debug|x64.Build.0 = Debug|Any CPU
		{B03E3A72-D702-4FFF-BE69-166FAFA4478E}.Debug|x86.ActiveCfg = Debug|Any CPU
		{B03E3A72-D702-4FFF-BE69-166FAFA4478E}.Debug|x86.Build.0 = Debug|Any CPU
		{B03E3A72-D702-4FFF-BE69-166FAFA4478E}.Release|Any CPU.ActiveCfg = Release|Any CPU
		{B03E3A72-D702-4FFF-BE69-166FAFA4478E}.Release|Any CPU.Build.0 = Release|Any CPU
		{B03E3A72-D702-4FFF-BE69-166FAFA4478E}.Release|x64.ActiveCfg = Debug|Any CPU
		{B03E3A72-D702-4FFF-BE69-166FAFA4478E}.Release|x64.Build.0 = Debug|Any CPU
		{B03E3A72-D702-4FFF-BE69-166FAFA4478E}.Release|x86.ActiveCfg = Release|Any CPU
		{B03E3A72-D702-4FFF-BE69-166FAFA4478E}.Release|x86.Build.0 = Release|Any CPU
		{F28D07B7-B1C9-4774-B38B-B6767D0A897F}.Debug|Any CPU.ActiveCfg = Debug|Any CPU
		{F28D07B7-B1C9-4774-B38B-B6767D0A897F}.Debug|Any CPU.Build.0 = Debug|Any CPU
		{F28D07B7-B1C9-4774-B38B-B6767D0A897F}.Debug|x64.ActiveCfg = Debug|Any CPU
		{F28D07B7-B1C9-4774-B38B-B6767D0A897F}.Debug|x64.Build.0 = Debug|Any CPU
		{F28D07B7-B1C9-4774-B38B-B6767D0A897F}.Debug|x86.ActiveCfg = Debug|Any CPU
		{F28D07B7-B1C9-4774-B38B-B6767D0A897F}.Debug|x86.Build.0 = Debug|Any CPU
		{F28D07B7-B1C9-4774-B38B-B6767D0A897F}.Release|Any CPU.ActiveCfg = Release|Any CPU
		{F28D07B7-B1C9-4774-B38B-B6767D0A897F}.Release|Any CPU.Build.0 = Release|Any CPU
		{F28D07B7-B1C9-4774-B38B-B6767D0A897F}.Release|x64.ActiveCfg = Debug|Any CPU
		{F28D07B7-B1C9-4774-B38B-B6767D0A897F}.Release|x64.Build.0 = Debug|Any CPU
		{F28D07B7-B1C9-4774-B38B-B6767D0A897F}.Release|x86.ActiveCfg = Release|Any CPU
		{F28D07B7-B1C9-4774-B38B-B6767D0A897F}.Release|x86.Build.0 = Release|Any CPU
		{91E24B5C-AE04-49B3-9A1D-C8BBEE788817}.Debug|Any CPU.ActiveCfg = Debug|Any CPU
		{91E24B5C-AE04-49B3-9A1D-C8BBEE788817}.Debug|Any CPU.Build.0 = Debug|Any CPU
		{91E24B5C-AE04-49B3-9A1D-C8BBEE788817}.Debug|x64.ActiveCfg = Debug|Any CPU
		{91E24B5C-AE04-49B3-9A1D-C8BBEE788817}.Debug|x64.Build.0 = Debug|Any CPU
		{91E24B5C-AE04-49B3-9A1D-C8BBEE788817}.Debug|x86.ActiveCfg = Debug|Any CPU
		{91E24B5C-AE04-49B3-9A1D-C8BBEE788817}.Debug|x86.Build.0 = Debug|Any CPU
		{91E24B5C-AE04-49B3-9A1D-C8BBEE788817}.Release|Any CPU.ActiveCfg = Release|Any CPU
		{91E24B5C-AE04-49B3-9A1D-C8BBEE788817}.Release|Any CPU.Build.0 = Release|Any CPU
		{91E24B5C-AE04-49B3-9A1D-C8BBEE788817}.Release|x64.ActiveCfg = Debug|Any CPU
		{91E24B5C-AE04-49B3-9A1D-C8BBEE788817}.Release|x64.Build.0 = Debug|Any CPU
		{91E24B5C-AE04-49B3-9A1D-C8BBEE788817}.Release|x86.ActiveCfg = Release|Any CPU
		{91E24B5C-AE04-49B3-9A1D-C8BBEE788817}.Release|x86.Build.0 = Release|Any CPU
	EndGlobalSection
	GlobalSection(SolutionProperties) = preSolution
		HideSolutionNode = FALSE
	EndGlobalSection
	GlobalSection(NestedProjects) = preSolution
		{56DD0838-C22E-428D-8C5E-AD8516950572} = {827E0CD3-B72D-47B6-A68D-7590B98EB39B}
		{218C16DC-7132-49F4-B82A-07DA48E8EF05} = {827E0CD3-B72D-47B6-A68D-7590B98EB39B}
		{8E7CD0CA-8077-4F4E-B70F-9ADEE97CE9D8} = {827E0CD3-B72D-47B6-A68D-7590B98EB39B}
		{F712EA91-67A6-4B0B-8053-FC44D6F666A1} = {827E0CD3-B72D-47B6-A68D-7590B98EB39B}
		{6FC62230-5BA0-44E2-BC80-C2EF9F730CD5} = {827E0CD3-B72D-47B6-A68D-7590B98EB39B}
		{C3D4E5F6-A7B8-9012-CDEF-345678901234} = {B2F1E5C6-9A3D-4E7B-8F2C-1D4A6B8E9F3C}
		{D4E5F6A7-B8C9-0123-DEF4-56789012345A} = {B2F1E5C6-9A3D-4E7B-8F2C-1D4A6B8E9F3C}
		{FE8DA4D1-72A0-C7FE-C39C-4612EBF07D18} = {B2F1E5C6-9A3D-4E7B-8F2C-1D4A6B8E9F3C}
		{A0F8E121-1E01-4DE9-B54A-BB1F257DDEBA} = {FE8DA4D1-72A0-C7FE-C39C-4612EBF07D18}
		{B03E3A72-D702-4FFF-BE69-166FAFA4478E} = {FE8DA4D1-72A0-C7FE-C39C-4612EBF07D18}
		{F28D07B7-B1C9-4774-B38B-B6767D0A897F} = {FE8DA4D1-72A0-C7FE-C39C-4612EBF07D18}
		{91E24B5C-AE04-49B3-9A1D-C8BBEE788817} = {FE8DA4D1-72A0-C7FE-C39C-4612EBF07D18}
	EndGlobalSection
EndGlobal
